// !$*UTF8*$!
{
	archiveVersion = 1;
	classes = {
	};
	objectVersion = 46;
	objects = {

/* Begin PBXBuildFile section */
		4EF4F5C51F85113800F1A9C7 /* TreeBlackRed.c in Sources */ = {isa = PBXBuildFile; fileRef = 4EF4F5C31F85113800F1A9C7 /* TreeBlackRed.c */; };
/* End PBXBuildFile section */

/* Begin PBXCopyFilesBuildPhase section */
		4EF4F5B41F8510BA00F1A9C7 /* CopyFiles */ = {
			isa = PBXCopyFilesBuildPhase;
			buildActionMask = 2147483647;
			dstPath = /usr/share/man/man1/;
			dstSubfolderSpec = 0;
			files = (
			);
			runOnlyForDeploymentPostprocessing = 1;
		};
/* End PBXCopyFilesBuildPhase section */

/* Begin PBXFileReference section */
		4EF4F5B61F8510BA00F1A9C7 /* TreeBlackRed */ = {isa = PBXFileReference; explicitFileType = "compiled.mach-o.executable"; includeInIndex = 0; path = TreeBlackRed; sourceTree = BUILT_PRODUCTS_DIR; };
		4EF4F5C31F85113800F1A9C7 /* TreeBlackRed.c */ = {isa = PBXFileReference; fileEncoding = 4; lastKnownFileType = sourcecode.c.c; path = TreeBlackRed.c; sourceTree = "<group>"; };
		4EF4F5C41F85113800F1A9C7 /* TreeBlackRed.h */ = {isa = PBXFileReference; fileEncoding = 4; lastKnownFileType = sourcecode.c.h; path = TreeBlackRed.h; sourceTree = "<group>"; };
/* End PBXFileReference section */

/* Begin PBXFrameworksBuildPhase section */
		4EF4F5B31F8510BA00F1A9C7 /* Frameworks */ = {
			isa = PBXFrameworksBuildPhase;
			buildActionMask = 2147483647;
			files = (
			);
			runOnlyForDeploymentPostprocessing = 0;
		};
/* End PBXFrameworksBuildPhase section */

/* Begin PBXGroup section */
		4EF4F5AD1F8510BA00F1A9C7 = {
			isa = PBXGroup;
			children = (
				4EF4F5B81F8510BA00F1A9C7 /* TreeBlackRed */,
				4EF4F5B71F8510BA00F1A9C7 /* Products */,
			);
			sourceTree = "<group>";
		};
		4EF4F5B71F8510BA00F1A9C7 /* Products */ = {
			isa = PBXGroup;
			children = (
				4EF4F5B61F8510BA00F1A9C7 /* TreeBlackRed */,
			);
			name = Products;
			sourceTree = "<group>";
		};
		4EF4F5B81F8510BA00F1A9C7 /* TreeBlackRed */ = {
			isa = PBXGroup;
			children = (
				4EF4F5C31F85113800F1A9C7 /* TreeBlackRed.c */,
				4EF4F5C41F85113800F1A9C7 /* TreeBlackRed.h */,
			);
			path = TreeBlackRed;
			sourceTree = "<group>";
		};
/* End PBXGroup section */

/* Begin PBXNativeTarget section */
		4EF4F5B51F8510BA00F1A9C7 /* TreeBlackRed */ = {
			isa = PBXNativeTarget;
			buildConfigurationList = 4EF4F5BD1F8510BB00F1A9C7 /* Build configuration list for PBXNativeTarget "TreeBlackRed" */;
			buildPhases = (
				4EF4F5B21F8510BA00F1A9C7 /* Sources */,
				4EF4F5B31F8510BA00F1A9C7 /* Frameworks */,
				4EF4F5B41F8510BA00F1A9C7 /* CopyFiles */,
			);
			buildRules = (
			);
			dependencies = (
			);
			name = TreeBlackRed;
			productName = TreeBlackRed;
			productReference = 4EF4F5B61F8510BA00F1A9C7 /* TreeBlackRed */;
			productType = "com.apple.product-type.tool";
		};
/* End PBXNativeTarget section */

/* Begin PBXProject section */
		4EF4F5AE1F8510BA00F1A9C7 /* Project object */ = {
			isa = PBXProject;
			attributes = {
				LastUpgradeCheck = 0830;
				ORGANIZATIONNAME = "Larissa Cristina";
				TargetAttributes = {
					4EF4F5B51F8510BA00F1A9C7 = {
						CreatedOnToolsVersion = 8.3.3;
						DevelopmentTeam = TP3QDKJJ2P;
						ProvisioningStyle = Automatic;
					};
				};
			};
			buildConfigurationList = 4EF4F5B11F8510BA00F1A9C7 /* Build configuration list for PBXProject "TreeBlackRed" */;
			compatibilityVersion = "Xcode 3.2";
			developmentRegion = English;
			hasScannedForEncodings = 0;
			knownRegions = (
				en,
			);
			mainGroup = 4EF4F5AD1F8510BA00F1A9C7;
			productRefGroup = 4EF4F5B71F8510BA00F1A9C7 /* Products */;
			projectDirPath = "";
			projectRoot = "";
			targets = (
				4EF4F5B51F8510BA00F1A9C7 /* TreeBlackRed */,
			);
		};
/* End PBXProject section */

/* Begin PBXSourcesBuildPhase section */
		4EF4F5B21F8510BA00F1A9C7 /* Sources */ = {
			isa = PBXSourcesBuildPhase;
			buildActionMask = 2147483647;
			files = (
				4EF4F5C51F85113800F1A9C7 /* TreeBlackRed.c in Sources */,
			);
			runOnlyForDeploymentPostprocessing = 0;
		};
/* End PBXSourcesBuildPhase section */

/* Begin XCBuildConfiguration section */
		4EF4F5BB1F8510BB00F1A9C7 /* Debug */ = {
			isa = XCBuildConfiguration;
			buildSettings = {
				ALWAYS_SEARCH_USER_PATHS = NO;
				CLANG_ANALYZER_NONNULL = YES;
				CLANG_ANALYZER_NUMBER_OBJECT_CONVERSION = YES_AGGRESSIVE;
				CLANG_CXX_LANGUAGE_STANDARD = "gnu++0x";
				CLANG_CXX_LIBRARY = "libc++";
				CLANG_ENABLE_MODULES = YES;
				CLANG_ENABLE_OBJC_ARC = YES;
				CLANG_WARN_BOOL_CONVERSION = YES;
				CLANG_WARN_CONSTANT_CONVERSION = YES;
				CLANG_WARN_DIRECT_OBJC_ISA_USAGE = YES_ERROR;
				CLANG_WARN_DOCUMENTATION_COMMENTS = YES;
				CLANG_WARN_EMPTY_BODY = YES;
				CLANG_WARN_ENUM_CONVERSION = YES;
				CLANG_WARN_INFINITE_RECURSION = YES;
				CLANG_WARN_INT_CONVERSION = YES;
				CLANG_WARN_OBJC_ROOT_CLASS = YES_ERROR;
				CLANG_WARN_SUSPICIOUS_MOVE = YES;
				CLANG_WARN_UNREACHABLE_CODE = YES;
				CLANG_WARN__DUPLICATE_METHOD_MATCH = YES;
				CODE_SIGN_IDENTITY = "-";
				COPY_PHASE_STRIP = NO;
				DEBUG_INFORMATION_FORMAT = dwarf;
				ENABLE_STRICT_OBJC_MSGSEND = YES;
				ENABLE_TESTABILITY = YES;
				GCC_C_LANGUAGE_STANDARD = gnu99;
				GCC_DYNAMIC_NO_PIC = NO;
				GCC_NO_COMMON_BLOCKS = YES;
				GCC_OPTIMIZATION_LEVEL = 0;
				GCC_PREPROCESSOR_DEFINITIONS = (
					"DEBUG=1",
					"$(inherited)",
				);
				GCC_WARN_64_TO_32_BIT_CONVERSION = YES;
				GCC_WARN_ABOUT_RETURN_TYPE = YES_ERROR;
				GCC_WARN_UNDECLARED_SELECTOR = YES;
				GCC_WARN_UNINITIALIZED_AUTOS = YES_AGGRESSIVE;
				GCC_WARN_UNUSED_FUNCTION = YES;
				GCC_WARN_UNUSED_VARIABLE = YES;
				MACOSX_DEPLOYMENT_TARGET = 10.12;
				MTL_ENABLE_DEBUG_INFO = YES;
				ONLY_ACTIVE_ARCH = YES;
				SDKROOT = macosx;
			};
			name = Debug;
		};
		4EF4F5BC1F8510BB00F1A9C7 /* Release */ = {
			isa = XCBuildConfiguration;
			buildSettings = {
				ALWAYS_SEARCH_USER_PATHS = NO;
				CLANG_ANALYZER_NONNULL = YES;
				CLANG_ANALYZER_NUMBER_OBJECT_CONVERSION = YES_AGGRESSIVE;
				CLANG_CXX_LANGUAGE_STANDARD = "gnu++0x";
				CLANG_CXX_LIBRARY = "libc++";
				CLANG_ENABLE_MODULES = YES;
				CLANG_ENABLE_OBJC_ARC = YES;
				CLANG_WARN_BOOL_CONVERSION = YES;
				CLANG_WARN_CONSTANT_CONVERSION = YES;
				CLANG_WARN_DIRECT_OBJC_ISA_USAGE = YES_ERROR;
				CLANG_WARN_DOCUMENTATION_COMMENTS = YES;
				CLANG_WARN_EMPTY_BODY = YES;
				CLANG_WARN_ENUM_CONVERSION = YES;
				CLANG_WARN_INFINITE_RECURSION = YES;
				CLANG_WARN_INT_CONVERSION = YES;
				CLANG_WARN_OBJC_ROOT_CLASS = YES_ERROR;
				CLANG_WARN_SUSPICIOUS_MOVE = YES;
				CLANG_WARN_UNREACHABLE_CODE = YES;
				CLANG_WARN__DUPLICATE_METHOD_MATCH = YES;
				CODE_SIGN_IDENTITY = "-";
				COPY_PHASE_STRIP = NO;
				DEBUG_INFORMATION_FORMAT = "dwarf-with-dsym";
				ENABLE_NS_ASSERTIONS = NO;
				ENABLE_STRICT_OBJC_MSGSEND = YES;
				GCC_C_LANGUAGE_STANDARD = gnu99;
				GCC_NO_COMMON_BLOCKS = YES;
				GCC_WARN_64_TO_32_BIT_CONVERSION = YES;
				GCC_WARN_ABOUT_RETURN_TYPE = YES_ERROR;
				GCC_WARN_UNDECLARED_SELECTOR = YES;
				GCC_WARN_UNINITIALIZED_AUTOS = YES_AGGRESSIVE;
				GCC_WARN_UNUSED_FUNCTION = YES;
				GCC_WARN_UNUSED_VARIABLE = YES;
				MACOSX_DEPLOYMENT_TARGET = 10.12;
				MTL_ENABLE_DEBUG_INFO = NO;
				SDKROOT = macosx;
			};
			name = Release;
		};
		4EF4F5BE1F8510BB00F1A9C7 /* Debug */ = {
			isa = XCBuildConfiguration;
			buildSettings = {
				DEVELOPMENT_TEAM = TP3QDKJJ2P;
				PRODUCT_NAME = "$(TARGET_NAME)";
			};
			name = Debug;
		};
		4EF4F5BF1F8510BB00F1A9C7 /* Release */ = {
			isa = XCBuildConfiguration;
			buildSettings = {
				DEVELOPMENT_TEAM = TP3QDKJJ2P;
				PRODUCT_NAME = "$(TARGET_NAME)";
			};
			name = Release;
		};
/* End XCBuildConfiguration section */

/* Begin XCConfigurationList section */
		4EF4F5B11F8510BA00F1A9C7 /* Build configuration list for PBXProject "TreeBlackRed" */ = {
			isa = XCConfigurationList;
			buildConfigurations = (
				4EF4F5BB1F8510BB00F1A9C7 /* Debug */,
				4EF4F5BC1F8510BB00F1A9C7 /* Release */,
			);
			defaultConfigurationIsVisible = 0;
			defaultConfigurationName = Release;
		};
		4EF4F5BD1F8510BB00F1A9C7 /* Build configuration list for PBXNativeTarget "TreeBlackRed" */ = {
			isa = XCConfigurationList;
			buildConfigurations = (
				4EF4F5BE1F8510BB00F1A9C7 /* Debug */,
				4EF4F5BF1F8510BB00F1A9C7 /* Release */,
			);
			defaultConfigurationIsVisible = 0;
		};
/* End XCConfigurationList section */
	};
	rootObject = 4EF4F5AE1F8510BA00F1A9C7 /* Project object */;
}
